
Microsoft Visual Studio Solution File, Format Version 12.00
# Visual Studio Version 17
VisualStudioVersion = 17.14.37111.16 d17.14
MinimumVisualStudioVersion = 10.0.40219.1
Project("{FAE04EC0-301F-11D3-BF4B-00C04F79EFBC}") = "LeadTask.API", "LeadTask.API\LeadTask.API.csproj", "{15C648EA-CEAB-4DA8-9047-32F6F839077C}"
EndProject
Project("{FAE04EC0-301F-11D3-BF4B-00C04F79EFBC}") = "LeadTask.Infra.Data", "LeadTask.Infra.Data\LeadTask.Infra.Data.csproj", "{6E186CE4-F063-4FBB-8650-0EB726877D3B}"
EndProject
Project("{FAE04EC0-301F-11D3-BF4B-00C04F79EFBC}") = "LeadTask.Infra.IoC", "LeadTask.Infra.IoC\LeadTask.Infra.IoC.csproj", "{9B8193FA-FF8A-4263-A972-7AB51DCBB439}"
EndProject
Project("{FAE04EC0-301F-11D3-BF4B-00C04F79EFBC}") = "LeadTask.Domain", "LeadTask.Domain\LeadTask.Domain.csproj", "{66A5E505-C91E-4313-8BC3-42ACBF5B6CA2}"
EndProject
Project("{FAE04EC0-301F-11D3-BF4B-00C04F79EFBC}") = "LeadTask.Application", "LeadTask.Application\LeadTask.Application.csproj", "{C3BD09D5-A486-4CE5-8F35-B2805329E405}"
EndProject
Global
	GlobalSection(SolutionConfigurationPlatforms) = preSolution
		Debug|Any CPU = Debug|Any CPU
		Release|Any CPU = Release|Any CPU
	EndGlobalSection
	GlobalSection(ProjectConfigurationPlatforms) = postSolution
		{15C648EA-CEAB-4DA8-9047-32F6F839077C}.Debug|Any CPU.ActiveCfg = Debug|Any CPU
		{15C648EA-CEAB-4DA8-9047-32F6F839077C}.Debug|Any CPU.Build.0 = Debug|Any CPU
		{15C648EA-CEAB-4DA8-9047-32F6F839077C}.Release|Any CPU.ActiveCfg = Release|Any CPU
		{15C648EA-CEAB-4DA8-9047-32F6F839077C}.Release|Any CPU.Build.0 = Release|Any CPU
		{6E186CE4-F063-4FBB-8650-0EB726877D3B}.Debug|Any CPU.ActiveCfg = Debug|Any CPU
		{6E186CE4-F063-4FBB-8650-0EB726877D3B}.Debug|Any CPU.Build.0 = Debug|Any CPU
		{6E186CE4-F063-4FBB-8650-0EB726877D3B}.Release|Any CPU.ActiveCfg = Release|Any CPU
		{6E186CE4-F063-4FBB-8650-0EB726877D3B}.Release|Any CPU.Build.0 = Release|Any CPU
		{9B8193FA-FF8A-4263-A972-7AB51DCBB439}.Debug|Any CPU.ActiveCfg = Debug|Any CPU
		{9B8193FA-FF8A-4263-A972-7AB51DCBB439}.Debug|Any CPU.Build.0 = Debug|Any CPU
		{9B8193FA-FF8A-4263-A972-7AB51DCBB439}.Release|Any CPU.ActiveCfg = Release|Any CPU
		{9B8193FA-FF8A-4263-A972-7AB51DCBB439}.Release|Any CPU.Build.0 = Release|Any CPU
		{66A5E505-C91E-4313-8BC3-42ACBF5B6CA2}.Debug|Any CPU.ActiveCfg = Debug|Any CPU
		{66A5E505-C91E-4313-8BC3-42ACBF5B6CA2}.Debug|Any CPU.Build.0 = Debug|Any CPU
		{66A5E505-C91E-4313-8BC3-42ACBF5B6CA2}.Release|Any CPU.ActiveCfg = Release|Any CPU
		{66A5E505-C91E-4313-8BC3-42ACBF5B6CA2}.Release|Any CPU.Build.0 = Release|Any CPU
		{C3BD09D5-A486-4CE5-8F35-B2805329E405}.Debug|Any CPU.ActiveCfg = Debug|Any CPU
		{C3BD09D5-A486-4CE5-8F35-B2805329E405}.Debug|Any CPU.Build.0 = Debug|Any CPU
		{C3BD09D5-A486-4CE5-8F35-B2805329E405}.Release|Any CPU.ActiveCfg = Release|Any CPU
		{C3BD09D5-A486-4CE5-8F35-B2805329E405}.Release|Any CPU.Build.0 = Release|Any CPU
	EndGlobalSection
	GlobalSection(SolutionProperties) = preSolution
		HideSolutionNode = FALSE
	EndGlobalSection
	GlobalSection(ExtensibilityGlobals) = postSolution
		SolutionGuid = {867ECD35-4389-4006-981A-53ED7ED20F74}
	EndGlobalSection
EndGlobal
